
Microsoft Visual Studio Solution File, Format Version 12.00
# Visual Studio Version 17
VisualStudioVersion = 17.13.35931.197 d17.13
MinimumVisualStudioVersion = 10.0.40219.1
Project("{888888A0-9F3D-457C-B088-3A5042F75D52}") = "DesktopAssistant", "DesktopAssistant.pyproj", "{A831BD68-542A-48EE-B84A-6FFBB8A3A279}"
EndProject
Global
	GlobalSection(SolutionConfigurationPlatforms) = preSolution
		Debug|Any CPU = Debug|Any CPU
		Release|Any CPU = Release|Any CPU
	EndGlobalSection
	GlobalSection(ProjectConfigurationPlatforms) = postSolution
		{A831BD68-542A-48EE-B84A-6FFBB8A3A279}.Debug|Any CPU.ActiveCfg = Debug|Any CPU
		{A831BD68-542A-48EE-B84A-6FFBB8A3A279}.Release|Any CPU.ActiveCfg = Release|Any CPU
	EndGlobalSection
	GlobalSection(SolutionProperties) = preSolution
		HideSolutionNode = FALSE
	EndGlobalSection
	GlobalSection(ExtensibilityGlobals) = postSolution
		SolutionGuid = {8FE26761-AEE7-4C8B-A126-8BB25A5DF874}
	EndGlobalSection
EndGlobal
